
Microsoft Visual Studio Solution File, Format Version 12.00
# Visual Studio 14
VisualStudioVersion = 14.0.25420.1
MinimumVisualStudioVersion = 10.0.40219.1
Project("{FAE04EC0-301F-11D3-BF4B-00C04F79EFBC}") = "Cylecar.Android", "Cylecar\Cylecar.Android\Cylecar.Android.csproj", "{D555AD83-E236-48A9-BC38-5E9EE901D41B}"
EndProject
Project("{FAE04EC0-301F-11D3-BF4B-00C04F79EFBC}") = "Cylecar", "Cylecar\Cylecar\Cylecar.csproj", "{947CC536-26DA-4524-9010-66825D5D26E3}"
EndProject
Project("{FAE04EC0-301F-11D3-BF4B-00C04F79EFBC}") = "Cylecar.UWP", "Cylecar\Cylecar.UWP\Cylecar.UWP.csproj", "{1AEDA5D7-EBCB-45B8-AB92-0D6E16B9F485}"
EndProject
Project("{FAE04EC0-301F-11D3-BF4B-00C04F79EFBC}") = "Cylecar.iOS", "Cylecar\Cylecar.iOS\Cylecar.iOS.csproj", "{39164C97-64BC-46C5-B9FA-5AE216258252}"
EndProject
Global
	GlobalSection(SolutionConfigurationPlatforms) = preSolution
		Ad-Hoc|Any CPU = Ad-Hoc|Any CPU
		Ad-Hoc|ARM = Ad-Hoc|ARM
		Ad-Hoc|iPhone = Ad-Hoc|iPhone
		Ad-Hoc|iPhoneSimulator = Ad-Hoc|iPhoneSimulator
		Ad-Hoc|x64 = Ad-Hoc|x64
		Ad-Hoc|x86 = Ad-Hoc|x86
		AppStore|Any CPU = AppStore|Any CPU
		AppStore|ARM = AppStore|ARM
		AppStore|iPhone = AppStore|iPhone
		AppStore|iPhoneSimulator = AppStore|iPhoneSimulator
		AppStore|x64 = AppStore|x64
		AppStore|x86 = AppStore|x86
		Debug|Any CPU = Debug|Any CPU
		Debug|ARM = Debug|ARM
		Debug|iPhone = Debug|iPhone
		Debug|iPhoneSimulator = Debug|iPhoneSimulator
		Debug|x64 = Debug|x64
		Debug|x86 = Debug|x86
		Release|Any CPU = Release|Any CPU
		Release|ARM = Release|ARM
		Release|iPhone = Release|iPhone
		Release|iPhoneSimulator = Release|iPhoneSimulator
		Release|x64 = Release|x64
		Release|x86 = Release|x86
	EndGlobalSection
	GlobalSection(ProjectConfigurationPlatforms) = postSolution
		{D555AD83-E236-48A9-BC38-5E9EE901D41B}.Ad-Hoc|Any CPU.ActiveCfg = Release|Any CPU
		{D555AD83-E236-48A9-BC38-5E9EE901D41B}.Ad-Hoc|Any CPU.Build.0 = Release|Any CPU
		{D555AD83-E236-48A9-BC38-5E9EE901D41B}.Ad-Hoc|Any CPU.Deploy.0 = Release|Any CPU
		{D555AD83-E236-48A9-BC38-5E9EE901D41B}.Ad-Hoc|ARM.ActiveCfg = Release|Any CPU
		{D555AD83-E236-48A9-BC38-5E9EE901D41B}.Ad-Hoc|ARM.Build.0 = Release|Any CPU
		{D555AD83-E236-48A9-BC38-5E9EE901D41B}.Ad-Hoc|ARM.Deploy.0 = Release|Any CPU
		{D555AD83-E236-48A9-BC38-5E9EE901D41B}.Ad-Hoc|iPhone.ActiveCfg = Release|Any CPU
		{D555AD83-E236-48A9-BC38-5E9EE901D41B}.Ad-Hoc|iPhone.Build.0 = Release|Any CPU
		{D555AD83-E236-48A9-BC38-5E9EE901D41B}.Ad-Hoc|iPhone.Deploy.0 = Release|Any CPU
		{D555AD83-E236-48A9-BC38-5E9EE901D41B}.Ad-Hoc|iPhoneSimulator.ActiveCfg = Release|Any CPU
		{D555AD83-E236-48A9-BC38-5E9EE901D41B}.Ad-Hoc|iPhoneSimulator.Build.0 = Release|Any CPU
		{D555AD83-E236-48A9-BC38-5E9EE901D41B}.Ad-Hoc|iPhoneSimulator.Deploy.0 = Release|Any CPU
		{D555AD83-E236-48A9-BC38-5E9EE901D41B}.Ad-Hoc|x64.ActiveCfg = Release|Any CPU
		{D555AD83-E236-48A9-BC38-5E9EE901D41B}.Ad-Hoc|x64.Build.0 = Release|Any CPU
		{D555AD83-E236-48A9-BC38-5E9EE901D41B}.Ad-Hoc|x64.Deploy.0 = Release|Any CPU
		{D555AD83-E236-48A9-BC38-5E9EE901D41B}.Ad-Hoc|x86.ActiveCfg = Release|Any CPU
		{D555AD83-E236-48A9-BC38-5E9EE901D41B}.Ad-Hoc|x86.Build.0 = Release|Any CPU
		{D555AD83-E236-48A9-BC38-5E9EE901D41B}.Ad-Hoc|x86.Deploy.0 = Release|Any CPU
		{D555AD83-E236-48A9-BC38-5E9EE901D41B}.AppStore|Any CPU.ActiveCfg = Release|Any CPU
		{D555AD83-E236-48A9-BC38-5E9EE901D41B}.AppStore|Any CPU.Build.0 = Release|Any CPU
		{D555AD83-E236-48A9-BC38-5E9EE901D41B}.AppStore|Any CPU.Deploy.0 = Release|Any CPU
		{D555AD83-E236-48A9-BC38-5E9EE901D41B}.AppStore|ARM.ActiveCfg = Release|Any CPU
		{D555AD83-E236-48A9-BC38-5E9EE901D41B}.AppStore|ARM.Build.0 = Release|Any CPU
		{D555AD83-E236-48A9-BC38-5E9EE901D41B}.AppStore|ARM.Deploy.0 = Release|Any CPU
		{D555AD83-E236-48A9-BC38-5E9EE901D41B}.AppStore|iPhone.ActiveCfg = Release|Any CPU
		{D555AD83-E236-48A9-BC38-5E9EE901D41B}.AppStore|iPhone.Build.0 = Release|Any CPU
		{D555AD83-E236-48A9-BC38-5E9EE901D41B}.AppStore|iPhone.Deploy.0 = Release|Any CPU
		{D555AD83-E236-48A9-BC38-5E9EE901D41B}.AppStore|iPhoneSimulator.ActiveCfg = Release|Any CPU
		{D555AD83-E236-48A9-BC38-5E9EE901D41B}.AppStore|iPhoneSimulator.Build.0 = Release|Any CPU
		{D555AD83-E236-48A9-BC38-5E9EE901D41B}.AppStore|iPhoneSimulator.Deploy.0 = Release|Any CPU
		{D555AD83-E236-48A9-BC38-5E9EE901D41B}.AppStore|x64.ActiveCfg = Release|Any CPU
		{D555AD83-E236-48A9-BC38-5E9EE901D41B}.AppStore|x64.Build.0 = Release|Any CPU
		{D555AD83-E236-48A9-BC38-5E9EE901D41B}.AppStore|x64.Deploy.0 = Release|Any CPU
		{D555AD83-E236-48A9-BC38-5E9EE901D41B}.AppStore|x86.ActiveCfg = Release|Any CPU
		{D555AD83-E236-48A9-BC38-5E9EE901D41B}.AppStore|x86.Build.0 = Release|Any CPU
		{D555AD83-E236-48A9-BC38-5E9EE901D41B}.AppStore|x86.Deploy.0 = Release|Any CPU
		{D555AD83-E236-48A9-BC38-5E9EE901D41B}.Debug|Any CPU.ActiveCfg = Debug|Any CPU
		{D555AD83-E236-48A9-BC38-5E9EE901D41B}.Debug|Any CPU.Build.0 = Debug|Any CPU
		{D555AD83-E236-48A9-BC38-5E9EE901D41B}.Debug|Any CPU.Deploy.0 = Debug|Any CPU
		{D555AD83-E236-48A9-BC38-5E9EE901D41B}.Debug|ARM.ActiveCfg = Debug|Any CPU
		{D555AD83-E236-48A9-BC38-5E9EE901D41B}.Debug|ARM.Build.0 = Debug|Any CPU
		{D555AD83-E236-48A9-BC38-5E9EE901D41B}.Debug|ARM.Deploy.0 = Debug|Any CPU
		{D555AD83-E236-48A9-BC38-5E9EE901D41B}.Debug|iPhone.ActiveCfg = Debug|Any CPU
		{D555AD83-E236-48A9-BC38-5E9EE901D41B}.Debug|iPhone.Build.0 = Debug|Any CPU
		{D555AD83-E236-48A9-BC38-5E9EE901D41B}.Debug|iPhone.Deploy.0 = Debug|Any CPU
		{D555AD83-E236-48A9-BC38-5E9EE901D41B}.Debug|iPhoneSimulator.ActiveCfg = Debug|Any CPU
		{D555AD83-E236-48A9-BC38-5E9EE901D41B}.Debug|iPhoneSimulator.Build.0 = Debug|Any CPU
		{D555AD83-E236-48A9-BC38-5E9EE901D41B}.Debug|iPhoneSimulator.Deploy.0 = Debug|Any CPU
		{D555AD83-E236-48A9-BC38-5E9EE901D41B}.Debug|x64.ActiveCfg = Debug|Any CPU
		{D555AD83-E236-48A9-BC38-5E9EE901D41B}.Debug|x64.Build.0 = Debug|Any CPU
		{D555AD83-E236-48A9-BC38-5E9EE901D41B}.Debug|x64.Deploy.0 = Debug|Any CPU
		{D555AD83-E236-48A9-BC38-5E9EE901D41B}.Debug|x86.ActiveCfg = Debug|Any CPU
		{D555AD83-E236-48A9-BC38-5E9EE901D41B}.Debug|x86.Build.0 = Debug|Any CPU
		{D555AD83-E236-48A9-BC38-5E9EE901D41B}.Debug|x86.Deploy.0 = Debug|Any CPU
		{D555AD83-E236-48A9-BC38-5E9EE901D41B}.Release|Any CPU.ActiveCfg = Release|Any CPU
		{D555AD83-E236-48A9-BC38-5E9EE901D41B}.Release|Any CPU.Build.0 = Release|Any CPU
		{D555AD83-E236-48A9-BC38-5E9EE901D41B}.Release|Any CPU.Deploy.0 = Release|Any CPU
		{D555AD83-E236-48A9-BC38-5E9EE901D41B}.Release|ARM.ActiveCfg = Release|Any CPU
		{D555AD83-E236-48A9-BC38-5E9EE901D41B}.Release|ARM.Build.0 = Release|Any CPU
		{D555AD83-E236-48A9-BC38-5E9EE901D41B}.Release|ARM.Deploy.0 = Release|Any CPU
		{D555AD83-E236-48A9-BC38-5E9EE901D41B}.Release|iPhone.ActiveCfg = Release|Any CPU
		{D555AD83-E236-48A9-BC38-5E9EE901D41B}.Release|iPhone.Build.0 = Release|Any CPU
		{D555AD83-E236-48A9-BC38-5E9EE901D41B}.Release|iPhone.Deploy.0 = Release|Any CPU
		{D555AD83-E236-48A9-BC38-5E9EE901D41B}.Release|iPhoneSimulator.ActiveCfg = Release|Any CPU
		{D555AD83-E236-48A9-BC38-5E9EE901D41B}.Release|iPhoneSimulator.Build.0 = Release|Any CPU
		{D555AD83-E236-48A9-BC38-5E9EE901D41B}.Release|iPhoneSimulator.Deploy.0 = Release|Any CPU
		{D555AD83-E236-48A9-BC38-5E9EE901D41B}.Release|x64.ActiveCfg = Release|Any CPU
		{D555AD83-E236-48A9-BC38-5E9EE901D41B}.Release|x64.Build.0 = Release|Any CPU
		{D555AD83-E236-48A9-BC38-5E9EE901D41B}.Release|x64.Deploy.0 = Release|Any CPU
		{D555AD83-E236-48A9-BC38-5E9EE901D41B}.Release|x86.ActiveCfg = Release|Any CPU
		{D555AD83-E236-48A9-BC38-5E9EE901D41B}.Release|x86.Build.0 = Release|Any CPU
		{D555AD83-E236-48A9-BC38-5E9EE901D41B}.Release|x86.Deploy.0 = Release|Any CPU
		{947CC536-26DA-4524-9010-66825D5D26E3}.Ad-Hoc|Any CPU.ActiveCfg = Release|Any CPU
		{947CC536-26DA-4524-9010-66825D5D26E3}.Ad-Hoc|Any CPU.Build.0 = Release|Any CPU
		{947CC536-26DA-4524-9010-66825D5D26E3}.Ad-Hoc|ARM.ActiveCfg = Release|Any CPU
		{947CC536-26DA-4524-9010-66825D5D26E3}.Ad-Hoc|ARM.Build.0 = Release|Any CPU
		{947CC536-26DA-4524-9010-66825D5D26E3}.Ad-Hoc|iPhone.ActiveCfg = Release|Any CPU
		{947CC536-26DA-4524-9010-66825D5D26E3}.Ad-Hoc|iPhone.Build.0 = Release|Any CPU
		{947CC536-26DA-4524-9010-66825D5D26E3}.Ad-Hoc|iPhoneSimulator.ActiveCfg = Release|Any CPU
		{947CC536-26DA-4524-9010-66825D5D26E3}.Ad-Hoc|iPhoneSimulator.Build.0 = Release|Any CPU
		{947CC536-26DA-4524-9010-66825D5D26E3}.Ad-Hoc|x64.ActiveCfg = Release|Any CPU
		{947CC536-26DA-4524-9010-66825D5D26E3}.Ad-Hoc|x64.Build.0 = Release|Any CPU
		{947CC536-26DA-4524-9010-66825D5D26E3}.Ad-Hoc|x86.ActiveCfg = Release|Any CPU
		{947CC536-26DA-4524-9010-66825D5D26E3}.Ad-Hoc|x86.Build.0 = Release|Any CPU
		{947CC536-26DA-4524-9010-66825D5D26E3}.AppStore|Any CPU.ActiveCfg = Release|Any CPU
		{947CC536-26DA-4524-9010-66825D5D26E3}.AppStore|Any CPU.Build.0 = Release|Any CPU
		{947CC536-26DA-4524-9010-66825D5D26E3}.AppStore|ARM.ActiveCfg = Release|Any CPU
		{947CC536-26DA-4524-9010-66825D5D26E3}.AppStore|ARM.Build.0 = Release|Any CPU
		{947CC536-26DA-4524-9010-66825D5D26E3}.AppStore|iPhone.ActiveCfg = Release|Any CPU
		{947CC536-26DA-4524-9010-66825D5D26E3}.AppStore|iPhone.Build.0 = Release|Any CPU
		{947CC536-26DA-4524-9010-66825D5D26E3}.AppStore|iPhoneSimulator.ActiveCfg = Release|Any CPU
		{947CC536-26DA-4524-9010-66825D5D26E3}.AppStore|iPhoneSimulator.Build.0 = Release|Any CPU
		{947CC536-26DA-4524-9010-66825D5D26E3}.AppStore|x64.ActiveCfg = Release|Any CPU
		{947CC536-26DA-4524-9010-66825D5D26E3}.AppStore|x64.Build.0 = Release|Any CPU
		{947CC536-26DA-4524-9010-66825D5D26E3}.AppStore|x86.ActiveCfg = Release|Any CPU
		{947CC536-26DA-4524-9010-66825D5D26E3}.AppStore|x86.Build.0 = Release|Any CPU
		{947CC536-26DA-4524-9010-66825D5D26E3}.Debug|Any CPU.ActiveCfg = Debug|Any CPU
		{947CC536-26DA-4524-9010-66825D5D26E3}.Debug|Any CPU.Build.0 = Debug|Any CPU
		{947CC536-26DA-4524-9010-66825D5D26E3}.Debug|ARM.ActiveCfg = Debug|Any CPU
		{947CC536-26DA-4524-9010-66825D5D26E3}.Debug|ARM.Build.0 = Debug|Any CPU
		{947CC536-26DA-4524-9010-66825D5D26E3}.Debug|iPhone.ActiveCfg = Debug|Any CPU
		{947CC536-26DA-4524-9010-66825D5D26E3}.Debug|iPhone.Build.0 = Debug|Any CPU
		{947CC536-26DA-4524-9010-66825D5D26E3}.Debug|iPhoneSimulator.ActiveCfg = Debug|Any CPU
		{947CC536-26DA-4524-9010-66825D5D26E3}.Debug|iPhoneSimulator.Build.0 = Debug|Any CPU
		{947CC536-26DA-4524-9010-66825D5D26E3}.Debug|x64.ActiveCfg = Debug|Any CPU
		{947CC536-26DA-4524-9010-66825D5D26E3}.Debug|x64.Build.0 = Debug|Any CPU
		{947CC536-26DA-4524-9010-66825D5D26E3}.Debug|x86.ActiveCfg = Debug|Any CPU
		{947CC536-26DA-4524-9010-66825D5D26E3}.Debug|x86.Build.0 = Debug|Any CPU
		{947CC536-26DA-4524-9010-66825D5D26E3}.Release|Any CPU.ActiveCfg = Release|Any CPU
		{947CC536-26DA-4524-9010-66825D5D26E3}.Release|Any CPU.Build.0 = Release|Any CPU
		{947CC536-26DA-4524-9010-66825D5D26E3}.Release|ARM.ActiveCfg = Release|Any CPU
		{947CC536-26DA-4524-9010-66825D5D26E3}.Release|ARM.Build.0 = Release|Any CPU
		{947CC536-26DA-4524-9010-66825D5D26E3}.Release|iPhone.ActiveCfg = Release|Any CPU
		{947CC536-26DA-4524-9010-66825D5D26E3}.Release|iPhone.Build.0 = Release|Any CPU
		{947CC536-26DA-4524-9010-66825D5D26E3}.Release|iPhoneSimulator.ActiveCfg = Release|Any CPU
		{947CC536-26DA-4524-9010-66825D5D26E3}.Release|iPhoneSimulator.Build.0 = Release|Any CPU
		{947CC536-26DA-4524-9010-66825D5D26E3}.Release|x64.ActiveCfg = Release|Any CPU
		{947CC536-26DA-4524-9010-66825D5D26E3}.Release|x64.Build.0 = Release|Any CPU
		{947CC536-26DA-4524-9010-66825D5D26E3}.Release|x86.ActiveCfg = Release|Any CPU
		{947CC536-26DA-4524-9010-66825D5D26E3}.Release|x86.Build.0 = Release|Any CPU
		{1AEDA5D7-EBCB-45B8-AB92-0D6E16B9F485}.Ad-Hoc|Any CPU.ActiveCfg = Release|x86
		{1AEDA5D7-EBCB-45B8-AB92-0D6E16B9F485}.Ad-Hoc|Any CPU.Build.0 = Release|x86
		{1AEDA5D7-EBCB-45B8-AB92-0D6E16B9F485}.Ad-Hoc|Any CPU.Deploy.0 = Release|x86
		{1AEDA5D7-EBCB-45B8-AB92-0D6E16B9F485}.Ad-Hoc|ARM.ActiveCfg = Release|ARM
		{1AEDA5D7-EBCB-45B8-AB92-0D6E16B9F485}.Ad-Hoc|ARM.Build.0 = Release|ARM
		{1AEDA5D7-EBCB-45B8-AB92-0D6E16B9F485}.Ad-Hoc|ARM.Deploy.0 = Release|ARM
		{1AEDA5D7-EBCB-45B8-AB92-0D6E16B9F485}.Ad-Hoc|iPhone.ActiveCfg = Release|x86
		{1AEDA5D7-EBCB-45B8-AB92-0D6E16B9F485}.Ad-Hoc|iPhone.Build.0 = Release|x86
		{1AEDA5D7-EBCB-45B8-AB92-0D6E16B9F485}.Ad-Hoc|iPhone.Deploy.0 = Release|x86
		{1AEDA5D7-EBCB-45B8-AB92-0D6E16B9F485}.Ad-Hoc|iPhoneSimulator.ActiveCfg = Release|x86
		{1AEDA5D7-EBCB-45B8-AB92-0D6E16B9F485}.Ad-Hoc|iPhoneSimulator.Build.0 = Release|x86
		{1AEDA5D7-EBCB-45B8-AB92-0D6E16B9F485}.Ad-Hoc|iPhoneSimulator.Deploy.0 = Release|x86
		{1AEDA5D7-EBCB-45B8-AB92-0D6E16B9F485}.Ad-Hoc|x64.ActiveCfg = Release|x64
		{1AEDA5D7-EBCB-45B8-AB92-0D6E16B9F485}.Ad-Hoc|x64.Build.0 = Release|x64
		{1AEDA5D7-EBCB-45B8-AB92-0D6E16B9F485}.Ad-Hoc|x64.Deploy.0 = Release|x64
		{1AEDA5D7-EBCB-45B8-AB92-0D6E16B9F485}.Ad-Hoc|x86.ActiveCfg = Release|x86
		{1AEDA5D7-EBCB-45B8-AB92-0D6E16B9F485}.Ad-Hoc|x86.Build.0 = Release|x86
		{1AEDA5D7-EBCB-45B8-AB92-0D6E16B9F485}.Ad-Hoc|x86.Deploy.0 = Release|x86
		{1AEDA5D7-EBCB-45B8-AB92-0D6E16B9F485}.AppStore|Any CPU.ActiveCfg = Release|x86
		{1AEDA5D7-EBCB-45B8-AB92-0D6E16B9F485}.AppStore|Any CPU.Build.0 = Release|x86
		{1AEDA5D7-EBCB-45B8-AB92-0D6E16B9F485}.AppStore|Any CPU.Deploy.0 = Release|x86
		{1AEDA5D7-EBCB-45B8-AB92-0D6E16B9F485}.AppStore|ARM.ActiveCfg = Release|ARM
		{1AEDA5D7-EBCB-45B8-AB92-0D6E16B9F485}.AppStore|ARM.Build.0 = Release|ARM
		{1AEDA5D7-EBCB-45B8-AB92-0D6E16B9F485}.AppStore|ARM.Deploy.0 = Release|ARM
		{1AEDA5D7-EBCB-45B8-AB92-0D6E16B9F485}.AppStore|iPhone.ActiveCfg = Release|x86
		{1AEDA5D7-EBCB-45B8-AB92-0D6E16B9F485}.AppStore|iPhone.Build.0 = Release|x86
		{1AEDA5D7-EBCB-45B8-AB92-0D6E16B9F485}.AppStore|iPhone.Deploy.0 = Release|x86
		{1AEDA5D7-EBCB-45B8-AB92-0D6E16B9F485}.AppStore|iPhoneSimulator.ActiveCfg = Release|x86
		{1AEDA5D7-EBCB-45B8-AB92-0D6E16B9F485}.AppStore|iPhoneSimulator.Build.0 = Release|x86
		{1AEDA5D7-EBCB-45B8-AB92-0D6E16B9F485}.AppStore|iPhoneSimulator.Deploy.0 = Release|x86
		{1AEDA5D7-EBCB-45B8-AB92-0D6E16B9F485}.AppStore|x64.ActiveCfg = Release|x64
		{1AEDA5D7-EBCB-45B8-AB92-0D6E16B9F485}.AppStore|x64.Build.0 = Release|x64
		{1AEDA5D7-EBCB-45B8-AB92-0D6E16B9F485}.AppStore|x64.Deploy.0 = Release|x64
		{1AEDA5D7-EBCB-45B8-AB92-0D6E16B9F485}.AppStore|x86.ActiveCfg = Release|x86
		{1AEDA5D7-EBCB-45B8-AB92-0D6E16B9F485}.AppStore|x86.Build.0 = Release|x86
		{1AEDA5D7-EBCB-45B8-AB92-0D6E16B9F485}.AppStore|x86.Deploy.0 = Release|x86
		{1AEDA5D7-EBCB-45B8-AB92-0D6E16B9F485}.Debug|Any CPU.ActiveCfg = Debug|x86
		{1AEDA5D7-EBCB-45B8-AB92-0D6E16B9F485}.Debug|ARM.ActiveCfg = Debug|ARM
		{1AEDA5D7-EBCB-45B8-AB92-0D6E16B9F485}.Debug|ARM.Build.0 = Debug|ARM
		{1AEDA5D7-EBCB-45B8-AB92-0D6E16B9F485}.Debug|ARM.Deploy.0 = Debug|ARM
		{1AEDA5D7-EBCB-45B8-AB92-0D6E16B9F485}.Debug|iPhone.ActiveCfg = Debug|x86
		{1AEDA5D7-EBCB-45B8-AB92-0D6E16B9F485}.Debug|iPhoneSimulator.ActiveCfg = Debug|x86
		{1AEDA5D7-EBCB-45B8-AB92-0D6E16B9F485}.Debug|x64.ActiveCfg = Debug|x64
		{1AEDA5D7-EBCB-45B8-AB92-0D6E16B9F485}.Debug|x64.Build.0 = Debug|x64
		{1AEDA5D7-EBCB-45B8-AB92-0D6E16B9F485}.Debug|x64.Deploy.0 = Debug|x64
		{1AEDA5D7-EBCB-45B8-AB92-0D6E16B9F485}.Debug|x86.ActiveCfg = Debug|x86
		{1AEDA5D7-EBCB-45B8-AB92-0D6E16B9F485}.Debug|x86.Build.0 = Debug|x86
		{1AEDA5D7-EBCB-45B8-AB92-0D6E16B9F485}.Debug|x86.Deploy.0 = Debug|x86
		{1AEDA5D7-EBCB-45B8-AB92-0D6E16B9F485}.Release|Any CPU.ActiveCfg = Release|x86
		{1AEDA5D7-EBCB-45B8-AB92-0D6E16B9F485}.Release|ARM.ActiveCfg = Release|ARM
		{1AEDA5D7-EBCB-45B8-AB92-0D6E16B9F485}.Release|ARM.Build.0 = Release|ARM
		{1AEDA5D7-EBCB-45B8-AB92-0D6E16B9F485}.Release|ARM.Deploy.0 = Release|ARM
		{1AEDA5D7-EBCB-45B8-AB92-0D6E16B9F485}.Release|iPhone.ActiveCfg = Release|x86
		{1AEDA5D7-EBCB-45B8-AB92-0D6E16B9F485}.Release|iPhoneSimulator.ActiveCfg = Release|x86
		{1AEDA5D7-EBCB-45B8-AB92-0D6E16B9F485}.Release|x64.ActiveCfg = Release|x64
		{1AEDA5D7-EBCB-45B8-AB92-0D6E16B9F485}.Release|x64.Build.0 = Release|x64
		{1AEDA5D7-EBCB-45B8-AB92-0D6E16B9F485}.Release|x64.Deploy.0 = Release|x64
		{1AEDA5D7-EBCB-45B8-AB92-0D6E16B9F485}.Release|x86.ActiveCfg = Release|x86
		{1AEDA5D7-EBCB-45B8-AB92-0D6E16B9F485}.Release|x86.Build.0 = Release|x86
		{1AEDA5D7-EBCB-45B8-AB92-0D6E16B9F485}.Release|x86.Deploy.0 = Release|x86
		{39164C97-64BC-46C5-B9FA-5AE216258252}.Ad-Hoc|Any CPU.ActiveCfg = Ad-Hoc|iPhone
		{39164C97-64BC-46C5-B9FA-5AE216258252}.Ad-Hoc|ARM.ActiveCfg = Ad-Hoc|iPhone
		{39164C97-64BC-46C5-B9FA-5AE216258252}.Ad-Hoc|iPhone.ActiveCfg = Ad-Hoc|iPhone
		{39164C97-64BC-46C5-B9FA-5AE216258252}.Ad-Hoc|iPhone.Build.0 = Ad-Hoc|iPhone
		{39164C97-64BC-46C5-B9FA-5AE216258252}.Ad-Hoc|iPhoneSimulator.ActiveCfg = Ad-Hoc|iPhoneSimulator
		{39164C97-64BC-46C5-B9FA-5AE216258252}.Ad-Hoc|iPhoneSimulator.Build.0 = Ad-Hoc|iPhoneSimulator
		{39164C97-64BC-46C5-B9FA-5AE216258252}.Ad-Hoc|x64.ActiveCfg = Ad-Hoc|iPhone
		{39164C97-64BC-46C5-B9FA-5AE216258252}.Ad-Hoc|x86.ActiveCfg = Ad-Hoc|iPhone
		{39164C97-64BC-46C5-B9FA-5AE216258252}.AppStore|Any CPU.ActiveCfg = AppStore|iPhone
		{39164C97-64BC-46C5-B9FA-5AE216258252}.AppStore|ARM.ActiveCfg = AppStore|iPhone
		{39164C97-64BC-46C5-B9FA-5AE216258252}.AppStore|iPhone.ActiveCfg = AppStore|iPhone
		{39164C97-64BC-46C5-B9FA-5AE216258252}.AppStore|iPhone.Build.0 = AppStore|iPhone
		{39164C97-64BC-46C5-B9FA-5AE216258252}.AppStore|iPhoneSimulator.ActiveCfg = AppStore|iPhoneSimulator
		{39164C97-64BC-46C5-B9FA-5AE216258252}.AppStore|iPhoneSimulator.Build.0 = AppStore|iPhoneSimulator
		{39164C97-64BC-46C5-B9FA-5AE216258252}.AppStore|x64.ActiveCfg = AppStore|iPhone
		{39164C97-64BC-46C5-B9FA-5AE216258252}.AppStore|x86.ActiveCfg = AppStore|iPhone
		{39164C97-64BC-46C5-B9FA-5AE216258252}.Debug|Any CPU.ActiveCfg = Debug|iPhone
		{39164C97-64BC-46C5-B9FA-5AE216258252}.Debug|ARM.ActiveCfg = Debug|iPhone
		{39164C97-64BC-46C5-B9FA-5AE216258252}.Debug|iPhone.ActiveCfg = Debug|iPhone
		{39164C97-64BC-46C5-B9FA-5AE216258252}.Debug|iPhone.Build.0 = Debug|iPhone
		{39164C97-64BC-46C5-B9FA-5AE216258252}.Debug|iPhoneSimulator.ActiveCfg = Debug|iPhoneSimulator
		{39164C97-64BC-46C5-B9FA-5AE216258252}.Debug|iPhoneSimulator.Build.0 = Debug|iPhoneSimulator
		{39164C97-64BC-46C5-B9FA-5AE216258252}.Debug|x64.ActiveCfg = Debug|iPhone
		{39164C97-64BC-46C5-B9FA-5AE216258252}.Debug|x86.ActiveCfg = Debug|iPhone
		{39164C97-64BC-46C5-B9FA-5AE216258252}.Release|Any CPU.ActiveCfg = Release|iPhone
		{39164C97-64BC-46C5-B9FA-5AE216258252}.Release|ARM.ActiveCfg = Release|iPhone
		{39164C97-64BC-46C5-B9FA-5AE216258252}.Release|iPhone.ActiveCfg = Release|iPhone
		{39164C97-64BC-46C5-B9FA-5AE216258252}.Release|iPhone.Build.0 = Release|iPhone
		{39164C97-64BC-46C5-B9FA-5AE216258252}.Release|iPhoneSimulator.ActiveCfg = Release|iPhoneSimulator
		{39164C97-64BC-46C5-B9FA-5AE216258252}.Release|iPhoneSimulator.Build.0 = Release|iPhoneSimulator
		{39164C97-64BC-46C5-B9FA-5AE216258252}.Release|x64.ActiveCfg = Release|iPhone
		{39164C97-64BC-46C5-B9FA-5AE216258252}.Release|x86.ActiveCfg = Release|iPhone
	EndGlobalSection
	GlobalSection(SolutionProperties) = preSolution
		HideSolutionNode = FALSE
	EndGlobalSection
EndGlobal
